
Microsoft Visual Studio Solution File, Format Version 12.00
# Visual Studio 14
VisualStudioVersion = 14.0.23107.0
MinimumVisualStudioVersion = 10.0.40219.1
Project("{FAE04EC0-301F-11D3-BF4B-00C04F79EFBC}") = "LeanFtAppModelProject1", "LeanFtAppModelProject1\LeanFtAppModelProject1.csproj", "{D8BC38D8-0A4C-4138-8D0E-4E03A81C037C}"
EndProject
Project("{FAE04EC0-301F-11D3-BF4B-00C04F79EFBC}") = "LeanFtTestProject1", "..\LeanFtTestProject1\LeanFtTestProject1\LeanFtTestProject1.csproj", "{05B6C8DC-A937-46FA-864E-6F07DC7846F3}"
EndProject
Global
	GlobalSection(SolutionConfigurationPlatforms) = preSolution
		Debug|Any CPU = Debug|Any CPU
		Release|Any CPU = Release|Any CPU
	EndGlobalSection
	GlobalSection(ProjectConfigurationPlatforms) = postSolution
		{D8BC38D8-0A4C-4138-8D0E-4E03A81C037C}.Debug|Any CPU.ActiveCfg = Debug|Any CPU
		{D8BC38D8-0A4C-4138-8D0E-4E03A81C037C}.Debug|Any CPU.Build.0 = Debug|Any CPU
		{D8BC38D8-0A4C-4138-8D0E-4E03A81C037C}.Release|Any CPU.ActiveCfg = Release|Any CPU
		{D8BC38D8-0A4C-4138-8D0E-4E03A81C037C}.Release|Any CPU.Build.0 = Release|Any CPU
		{05B6C8DC-A937-46FA-864E-6F07DC7846F3}.Debug|Any CPU.ActiveCfg = Debug|Any CPU
		{05B6C8DC-A937-46FA-864E-6F07DC7846F3}.Debug|Any CPU.Build.0 = Debug|Any CPU
		{05B6C8DC-A937-46FA-864E-6F07DC7846F3}.Release|Any CPU.ActiveCfg = Release|Any CPU
		{05B6C8DC-A937-46FA-864E-6F07DC7846F3}.Release|Any CPU.Build.0 = Release|Any CPU
	EndGlobalSection
	GlobalSection(SolutionProperties) = preSolution
		HideSolutionNode = FALSE
	EndGlobalSection
EndGlobal
